
Microsoft Visual Studio Solution File, Format Version 12.00
# Visual Studio Version 17
VisualStudioVersion = 17.0.31903.59
MinimumVisualStudioVersion = 10.0.40219.1
Project("{9A19103F-16F7-4668-BE54-9A1E7A4F7556}") = "Singleton", "Singleton\Singleton.csproj", "{A56F09F3-B585-4010-98F5-FE7BDA59544A}"
EndProject
Project("{2150E333-8FDC-42A3-9474-1A3956D46DE8}") = "CREATIONAL", "CREATIONAL", "{4EB06962-939F-4D7B-A2A1-7B050E2E8DD9}"
EndProject
Project("{9A19103F-16F7-4668-BE54-9A1E7A4F7556}") = "FactoryMethod", "FactoryMethod\FactoryMethod.csproj", "{1FA90DCD-D597-43FD-A73D-63F4D93FD001}"
EndProject
Project("{9A19103F-16F7-4668-BE54-9A1E7A4F7556}") = "AbstractFactory", "AbstractFactory\AbstractFactory.csproj", "{C082CF47-4CE8-4C0E-8D53-067BF2B92167}"
EndProject
Project("{9A19103F-16F7-4668-BE54-9A1E7A4F7556}") = "Builder", "Builder\Builder.csproj", "{2FD46A17-7304-4A08-9C0F-D3677289EC3D}"
EndProject
Project("{9A19103F-16F7-4668-BE54-9A1E7A4F7556}") = "Prototype", "Prototype\Prototype.csproj", "{9EE6C58A-EBD2-475C-BE9A-CE3F62C3073A}"
EndProject
Project("{2150E333-8FDC-42A3-9474-1A3956D46DE8}") = "SolutionItems", "SolutionItems", "{AE9B1844-01B3-4501-9555-31EF2860E2AF}"
	ProjectSection(SolutionItems) = preProject
		..\C#_10_DesignPatterns_NOTES.txt = ..\C#_10_DesignPatterns_NOTES.txt
	EndProjectSection
EndProject
Project("{2150E333-8FDC-42A3-9474-1A3956D46DE8}") = "STRUCTURAL", "STRUCTURAL", "{05054993-B438-45A6-B7B1-2F5081D228B3}"
EndProject
Project("{9A19103F-16F7-4668-BE54-9A1E7A4F7556}") = "Adapter", "Adapter\Adapter.csproj", "{6F4E115A-DA27-4714-8DD3-5D920198A607}"
EndProject
Project("{9A19103F-16F7-4668-BE54-9A1E7A4F7556}") = "Bridge", "Bridge\Bridge.csproj", "{4C29C0D4-82E5-43E5-BBDD-D4126564651F}"
EndProject
Project("{9A19103F-16F7-4668-BE54-9A1E7A4F7556}") = "Decorator", "Decorator\Decorator.csproj", "{4E7BB716-2451-4E21-86F9-C31BFC786748}"
EndProject
Project("{9A19103F-16F7-4668-BE54-9A1E7A4F7556}") = "Composite", "Composite\Composite.csproj", "{62481DFF-2B63-4568-937B-9C2E8F8F1354}"
EndProject
Project("{9A19103F-16F7-4668-BE54-9A1E7A4F7556}") = "Facade", "Facade\Facade.csproj", "{990C9F45-1420-4DA8-9E1B-6CC0C27FDAA7}"
EndProject
Project("{9A19103F-16F7-4668-BE54-9A1E7A4F7556}") = "Proxy", "Proxy\Proxy.csproj", "{4BB06EBD-1D8C-4910-8002-6B59DBA009DC}"
EndProject
Project("{9A19103F-16F7-4668-BE54-9A1E7A4F7556}") = "Flyweight", "Flyweight\Flyweight.csproj", "{497D1D7B-50B2-422A-BDD9-9B21484EEB60}"
EndProject
Project("{2150E333-8FDC-42A3-9474-1A3956D46DE8}") = "BEHAVIORAL", "BEHAVIORAL", "{609CF597-2115-4DA0-B3B4-0C53768212C1}"
EndProject
Project("{9A19103F-16F7-4668-BE54-9A1E7A4F7556}") = "TemplateMethod", "TemplateMethod\TemplateMethod.csproj", "{CF4051F6-56BA-4E4C-ADE5-723EAE11B9AB}"
EndProject
Project("{9A19103F-16F7-4668-BE54-9A1E7A4F7556}") = "Strategy", "Strategy\Strategy.csproj", "{F3FAE666-3386-48C9-95CB-0037CF534A05}"
EndProject
Project("{9A19103F-16F7-4668-BE54-9A1E7A4F7556}") = "Command", "Command\Command.csproj", "{99DF1C80-F55A-4137-B4CD-25145D07DA29}"
EndProject
Project("{9A19103F-16F7-4668-BE54-9A1E7A4F7556}") = "Memento", "Memento\Memento.csproj", "{52C04637-69C1-4222-980F-9EF0638841D4}"
EndProject
Project("{9A19103F-16F7-4668-BE54-9A1E7A4F7556}") = "Mediator", "Mediator\Mediator.csproj", "{AD3C586D-4FBF-41C9-8EC8-0FDFC739A3AB}"
EndProject
Project("{9A19103F-16F7-4668-BE54-9A1E7A4F7556}") = "ChainOfResponsibility", "ChainOfResponsibility\ChainOfResponsibility.csproj", "{2A4DD3CC-D694-433B-9A7D-636A7EBB1FCB}"
EndProject
Project("{9A19103F-16F7-4668-BE54-9A1E7A4F7556}") = "Observer", "Observer\Observer.csproj", "{3DFE9A5C-AC15-4D34-AD7C-3F7746442D3B}"
EndProject
Project("{9A19103F-16F7-4668-BE54-9A1E7A4F7556}") = "State", "State\State.csproj", "{02C6D0CB-D295-4DE2-9FB0-E2CD3AFA584C}"
EndProject
Project("{9A19103F-16F7-4668-BE54-9A1E7A4F7556}") = "Iterator", "Iterator\Iterator.csproj", "{B8156BDF-0036-42DE-9EC4-4FB92507361E}"
EndProject
Project("{9A19103F-16F7-4668-BE54-9A1E7A4F7556}") = "Visitor", "Visitor\Visitor.csproj", "{89113ED1-E66A-438B-9349-AD8087CF17EF}"
EndProject
Project("{9A19103F-16F7-4668-BE54-9A1E7A4F7556}") = "Interpreter", "Interpreter\Interpreter.csproj", "{CF5FFA7C-CC13-4A4F-A109-E6D24CF91CD8}"
EndProject
Global
	GlobalSection(SolutionConfigurationPlatforms) = preSolution
		Debug|Any CPU = Debug|Any CPU
		Release|Any CPU = Release|Any CPU
	EndGlobalSection
	GlobalSection(ProjectConfigurationPlatforms) = postSolution
		{A56F09F3-B585-4010-98F5-FE7BDA59544A}.Debug|Any CPU.ActiveCfg = Debug|Any CPU
		{A56F09F3-B585-4010-98F5-FE7BDA59544A}.Debug|Any CPU.Build.0 = Debug|Any CPU
		{A56F09F3-B585-4010-98F5-FE7BDA59544A}.Release|Any CPU.ActiveCfg = Release|Any CPU
		{A56F09F3-B585-4010-98F5-FE7BDA59544A}.Release|Any CPU.Build.0 = Release|Any CPU
		{1FA90DCD-D597-43FD-A73D-63F4D93FD001}.Debug|Any CPU.ActiveCfg = Debug|Any CPU
		{1FA90DCD-D597-43FD-A73D-63F4D93FD001}.Debug|Any CPU.Build.0 = Debug|Any CPU
		{1FA90DCD-D597-43FD-A73D-63F4D93FD001}.Release|Any CPU.ActiveCfg = Release|Any CPU
		{1FA90DCD-D597-43FD-A73D-63F4D93FD001}.Release|Any CPU.Build.0 = Release|Any CPU
		{C082CF47-4CE8-4C0E-8D53-067BF2B92167}.Debug|Any CPU.ActiveCfg = Debug|Any CPU
		{C082CF47-4CE8-4C0E-8D53-067BF2B92167}.Debug|Any CPU.Build.0 = Debug|Any CPU
		{C082CF47-4CE8-4C0E-8D53-067BF2B92167}.Release|Any CPU.ActiveCfg = Release|Any CPU
		{C082CF47-4CE8-4C0E-8D53-067BF2B92167}.Release|Any CPU.Build.0 = Release|Any CPU
		{2FD46A17-7304-4A08-9C0F-D3677289EC3D}.Debug|Any CPU.ActiveCfg = Debug|Any CPU
		{2FD46A17-7304-4A08-9C0F-D3677289EC3D}.Debug|Any CPU.Build.0 = Debug|Any CPU
		{2FD46A17-7304-4A08-9C0F-D3677289EC3D}.Release|Any CPU.ActiveCfg = Release|Any CPU
		{2FD46A17-7304-4A08-9C0F-D3677289EC3D}.Release|Any CPU.Build.0 = Release|Any CPU
		{9EE6C58A-EBD2-475C-BE9A-CE3F62C3073A}.Debug|Any CPU.ActiveCfg = Debug|Any CPU
		{9EE6C58A-EBD2-475C-BE9A-CE3F62C3073A}.Debug|Any CPU.Build.0 = Debug|Any CPU
		{9EE6C58A-EBD2-475C-BE9A-CE3F62C3073A}.Release|Any CPU.ActiveCfg = Release|Any CPU
		{9EE6C58A-EBD2-475C-BE9A-CE3F62C3073A}.Release|Any CPU.Build.0 = Release|Any CPU
		{6F4E115A-DA27-4714-8DD3-5D920198A607}.Debug|Any CPU.ActiveCfg = Debug|Any CPU
		{6F4E115A-DA27-4714-8DD3-5D920198A607}.Debug|Any CPU.Build.0 = Debug|Any CPU
		{6F4E115A-DA27-4714-8DD3-5D920198A607}.Release|Any CPU.ActiveCfg = Release|Any CPU
		{6F4E115A-DA27-4714-8DD3-5D920198A607}.Release|Any CPU.Build.0 = Release|Any CPU
		{4C29C0D4-82E5-43E5-BBDD-D4126564651F}.Debug|Any CPU.ActiveCfg = Debug|Any CPU
		{4C29C0D4-82E5-43E5-BBDD-D4126564651F}.Debug|Any CPU.Build.0 = Debug|Any CPU
		{4C29C0D4-82E5-43E5-BBDD-D4126564651F}.Release|Any CPU.ActiveCfg = Release|Any CPU
		{4C29C0D4-82E5-43E5-BBDD-D4126564651F}.Release|Any CPU.Build.0 = Release|Any CPU
		{4E7BB716-2451-4E21-86F9-C31BFC786748}.Debug|Any CPU.ActiveCfg = Debug|Any CPU
		{4E7BB716-2451-4E21-86F9-C31BFC786748}.Debug|Any CPU.Build.0 = Debug|Any CPU
		{4E7BB716-2451-4E21-86F9-C31BFC786748}.Release|Any CPU.ActiveCfg = Release|Any CPU
		{4E7BB716-2451-4E21-86F9-C31BFC786748}.Release|Any CPU.Build.0 = Release|Any CPU
		{62481DFF-2B63-4568-937B-9C2E8F8F1354}.Debug|Any CPU.ActiveCfg = Debug|Any CPU
		{62481DFF-2B63-4568-937B-9C2E8F8F1354}.Debug|Any CPU.Build.0 = Debug|Any CPU
		{62481DFF-2B63-4568-937B-9C2E8F8F1354}.Release|Any CPU.ActiveCfg = Release|Any CPU
		{62481DFF-2B63-4568-937B-9C2E8F8F1354}.Release|Any CPU.Build.0 = Release|Any CPU
		{990C9F45-1420-4DA8-9E1B-6CC0C27FDAA7}.Debug|Any CPU.ActiveCfg = Debug|Any CPU
		{990C9F45-1420-4DA8-9E1B-6CC0C27FDAA7}.Debug|Any CPU.Build.0 = Debug|Any CPU
		{990C9F45-1420-4DA8-9E1B-6CC0C27FDAA7}.Release|Any CPU.ActiveCfg = Release|Any CPU
		{990C9F45-1420-4DA8-9E1B-6CC0C27FDAA7}.Release|Any CPU.Build.0 = Release|Any CPU
		{4BB06EBD-1D8C-4910-8002-6B59DBA009DC}.Debug|Any CPU.ActiveCfg = Debug|Any CPU
		{4BB06EBD-1D8C-4910-8002-6B59DBA009DC}.Debug|Any CPU.Build.0 = Debug|Any CPU
		{4BB06EBD-1D8C-4910-8002-6B59DBA009DC}.Release|Any CPU.ActiveCfg = Release|Any CPU
		{4BB06EBD-1D8C-4910-8002-6B59DBA009DC}.Release|Any CPU.Build.0 = Release|Any CPU
		{497D1D7B-50B2-422A-BDD9-9B21484EEB60}.Debug|Any CPU.ActiveCfg = Debug|Any CPU
		{497D1D7B-50B2-422A-BDD9-9B21484EEB60}.Debug|Any CPU.Build.0 = Debug|Any CPU
		{497D1D7B-50B2-422A-BDD9-9B21484EEB60}.Release|Any CPU.ActiveCfg = Release|Any CPU
		{497D1D7B-50B2-422A-BDD9-9B21484EEB60}.Release|Any CPU.Build.0 = Release|Any CPU
		{CF4051F6-56BA-4E4C-ADE5-723EAE11B9AB}.Debug|Any CPU.ActiveCfg = Debug|Any CPU
		{CF4051F6-56BA-4E4C-ADE5-723EAE11B9AB}.Debug|Any CPU.Build.0 = Debug|Any CPU
		{CF4051F6-56BA-4E4C-ADE5-723EAE11B9AB}.Release|Any CPU.ActiveCfg = Release|Any CPU
		{CF4051F6-56BA-4E4C-ADE5-723EAE11B9AB}.Release|Any CPU.Build.0 = Release|Any CPU
		{F3FAE666-3386-48C9-95CB-0037CF534A05}.Debug|Any CPU.ActiveCfg = Debug|Any CPU
		{F3FAE666-3386-48C9-95CB-0037CF534A05}.Debug|Any CPU.Build.0 = Debug|Any CPU
		{F3FAE666-3386-48C9-95CB-0037CF534A05}.Release|Any CPU.ActiveCfg = Release|Any CPU
		{F3FAE666-3386-48C9-95CB-0037CF534A05}.Release|Any CPU.Build.0 = Release|Any CPU
		{99DF1C80-F55A-4137-B4CD-25145D07DA29}.Debug|Any CPU.ActiveCfg = Debug|Any CPU
		{99DF1C80-F55A-4137-B4CD-25145D07DA29}.Debug|Any CPU.Build.0 = Debug|Any CPU
		{99DF1C80-F55A-4137-B4CD-25145D07DA29}.Release|Any CPU.ActiveCfg = Release|Any CPU
		{99DF1C80-F55A-4137-B4CD-25145D07DA29}.Release|Any CPU.Build.0 = Release|Any CPU
		{52C04637-69C1-4222-980F-9EF0638841D4}.Debug|Any CPU.ActiveCfg = Debug|Any CPU
		{52C04637-69C1-4222-980F-9EF0638841D4}.Debug|Any CPU.Build.0 = Debug|Any CPU
		{52C04637-69C1-4222-980F-9EF0638841D4}.Release|Any CPU.ActiveCfg = Release|Any CPU
		{52C04637-69C1-4222-980F-9EF0638841D4}.Release|Any CPU.Build.0 = Release|Any CPU
		{AD3C586D-4FBF-41C9-8EC8-0FDFC739A3AB}.Debug|Any CPU.ActiveCfg = Debug|Any CPU
		{AD3C586D-4FBF-41C9-8EC8-0FDFC739A3AB}.Debug|Any CPU.Build.0 = Debug|Any CPU
		{AD3C586D-4FBF-41C9-8EC8-0FDFC739A3AB}.Release|Any CPU.ActiveCfg = Release|Any CPU
		{AD3C586D-4FBF-41C9-8EC8-0FDFC739A3AB}.Release|Any CPU.Build.0 = Release|Any CPU
		{2A4DD3CC-D694-433B-9A7D-636A7EBB1FCB}.Debug|Any CPU.ActiveCfg = Debug|Any CPU
		{2A4DD3CC-D694-433B-9A7D-636A7EBB1FCB}.Debug|Any CPU.Build.0 = Debug|Any CPU
		{2A4DD3CC-D694-433B-9A7D-636A7EBB1FCB}.Release|Any CPU.ActiveCfg = Release|Any CPU
		{2A4DD3CC-D694-433B-9A7D-636A7EBB1FCB}.Release|Any CPU.Build.0 = Release|Any CPU
		{3DFE9A5C-AC15-4D34-AD7C-3F7746442D3B}.Debug|Any CPU.ActiveCfg = Debug|Any CPU
		{3DFE9A5C-AC15-4D34-AD7C-3F7746442D3B}.Debug|Any CPU.Build.0 = Debug|Any CPU
		{3DFE9A5C-AC15-4D34-AD7C-3F7746442D3B}.Release|Any CPU.ActiveCfg = Release|Any CPU
		{3DFE9A5C-AC15-4D34-AD7C-3F7746442D3B}.Release|Any CPU.Build.0 = Release|Any CPU
		{02C6D0CB-D295-4DE2-9FB0-E2CD3AFA584C}.Debug|Any CPU.ActiveCfg = Debug|Any CPU
		{02C6D0CB-D295-4DE2-9FB0-E2CD3AFA584C}.Debug|Any CPU.Build.0 = Debug|Any CPU
		{02C6D0CB-D295-4DE2-9FB0-E2CD3AFA584C}.Release|Any CPU.ActiveCfg = Release|Any CPU
		{02C6D0CB-D295-4DE2-9FB0-E2CD3AFA584C}.Release|Any CPU.Build.0 = Release|Any CPU
		{B8156BDF-0036-42DE-9EC4-4FB92507361E}.Debug|Any CPU.ActiveCfg = Debug|Any CPU
		{B8156BDF-0036-42DE-9EC4-4FB92507361E}.Debug|Any CPU.Build.0 = Debug|Any CPU
		{B8156BDF-0036-42DE-9EC4-4FB92507361E}.Release|Any CPU.ActiveCfg = Release|Any CPU
		{B8156BDF-0036-42DE-9EC4-4FB92507361E}.Release|Any CPU.Build.0 = Release|Any CPU
		{89113ED1-E66A-438B-9349-AD8087CF17EF}.Debug|Any CPU.ActiveCfg = Debug|Any CPU
		{89113ED1-E66A-438B-9349-AD8087CF17EF}.Debug|Any CPU.Build.0 = Debug|Any CPU
		{89113ED1-E66A-438B-9349-AD8087CF17EF}.Release|Any CPU.ActiveCfg = Release|Any CPU
		{89113ED1-E66A-438B-9349-AD8087CF17EF}.Release|Any CPU.Build.0 = Release|Any CPU
		{CF5FFA7C-CC13-4A4F-A109-E6D24CF91CD8}.Debug|Any CPU.ActiveCfg = Debug|Any CPU
		{CF5FFA7C-CC13-4A4F-A109-E6D24CF91CD8}.Debug|Any CPU.Build.0 = Debug|Any CPU
		{CF5FFA7C-CC13-4A4F-A109-E6D24CF91CD8}.Release|Any CPU.ActiveCfg = Release|Any CPU
		{CF5FFA7C-CC13-4A4F-A109-E6D24CF91CD8}.Release|Any CPU.Build.0 = Release|Any CPU
	EndGlobalSection
	GlobalSection(SolutionProperties) = preSolution
		HideSolutionNode = FALSE
	EndGlobalSection
	GlobalSection(NestedProjects) = preSolution
		{A56F09F3-B585-4010-98F5-FE7BDA59544A} = {4EB06962-939F-4D7B-A2A1-7B050E2E8DD9}
		{1FA90DCD-D597-43FD-A73D-63F4D93FD001} = {4EB06962-939F-4D7B-A2A1-7B050E2E8DD9}
		{C082CF47-4CE8-4C0E-8D53-067BF2B92167} = {4EB06962-939F-4D7B-A2A1-7B050E2E8DD9}
		{2FD46A17-7304-4A08-9C0F-D3677289EC3D} = {4EB06962-939F-4D7B-A2A1-7B050E2E8DD9}
		{9EE6C58A-EBD2-475C-BE9A-CE3F62C3073A} = {4EB06962-939F-4D7B-A2A1-7B050E2E8DD9}
		{6F4E115A-DA27-4714-8DD3-5D920198A607} = {05054993-B438-45A6-B7B1-2F5081D228B3}
		{4C29C0D4-82E5-43E5-BBDD-D4126564651F} = {05054993-B438-45A6-B7B1-2F5081D228B3}
		{4E7BB716-2451-4E21-86F9-C31BFC786748} = {05054993-B438-45A6-B7B1-2F5081D228B3}
		{62481DFF-2B63-4568-937B-9C2E8F8F1354} = {05054993-B438-45A6-B7B1-2F5081D228B3}
		{990C9F45-1420-4DA8-9E1B-6CC0C27FDAA7} = {05054993-B438-45A6-B7B1-2F5081D228B3}
		{4BB06EBD-1D8C-4910-8002-6B59DBA009DC} = {05054993-B438-45A6-B7B1-2F5081D228B3}
		{497D1D7B-50B2-422A-BDD9-9B21484EEB60} = {05054993-B438-45A6-B7B1-2F5081D228B3}
		{CF4051F6-56BA-4E4C-ADE5-723EAE11B9AB} = {609CF597-2115-4DA0-B3B4-0C53768212C1}
		{F3FAE666-3386-48C9-95CB-0037CF534A05} = {609CF597-2115-4DA0-B3B4-0C53768212C1}
		{99DF1C80-F55A-4137-B4CD-25145D07DA29} = {609CF597-2115-4DA0-B3B4-0C53768212C1}
		{52C04637-69C1-4222-980F-9EF0638841D4} = {609CF597-2115-4DA0-B3B4-0C53768212C1}
		{AD3C586D-4FBF-41C9-8EC8-0FDFC739A3AB} = {609CF597-2115-4DA0-B3B4-0C53768212C1}
		{2A4DD3CC-D694-433B-9A7D-636A7EBB1FCB} = {609CF597-2115-4DA0-B3B4-0C53768212C1}
		{3DFE9A5C-AC15-4D34-AD7C-3F7746442D3B} = {609CF597-2115-4DA0-B3B4-0C53768212C1}
		{02C6D0CB-D295-4DE2-9FB0-E2CD3AFA584C} = {609CF597-2115-4DA0-B3B4-0C53768212C1}
		{B8156BDF-0036-42DE-9EC4-4FB92507361E} = {609CF597-2115-4DA0-B3B4-0C53768212C1}
		{89113ED1-E66A-438B-9349-AD8087CF17EF} = {609CF597-2115-4DA0-B3B4-0C53768212C1}
		{CF5FFA7C-CC13-4A4F-A109-E6D24CF91CD8} = {609CF597-2115-4DA0-B3B4-0C53768212C1}
	EndGlobalSection
	GlobalSection(ExtensibilityGlobals) = postSolution
		SolutionGuid = {2E177D68-E2F8-438C-80C9-3C648A171905}
	EndGlobalSection
EndGlobal
