
Microsoft Visual Studio Solution File, Format Version 12.00
# Visual Studio Version 17
VisualStudioVersion = 17.12.35527.113
MinimumVisualStudioVersion = 10.0.40219.1
Project("{FAE04EC0-301F-11D3-BF4B-00C04F79EFBC}") = "FreeBilling.Web", "FreeBilling.Web\FreeBilling.Web.csproj", "{4E0A2D1E-528F-4F6A-88A4-58D418ECA64C}"
EndProject
Project("{2150E333-8FDC-42A3-9474-1A3956D46DE8}") = "SolutionItems", "SolutionItems", "{785270B1-FBA5-4464-9996-615DE19161A1}"
	ProjectSection(SolutionItems) = preProject
		..\AspNet8-MVC-TailwindVue3_NOTES.txt = ..\AspNet8-MVC-TailwindVue3_NOTES.txt
	EndProjectSection
EndProject
Project("{54A90642-561A-4BB1-A94E-469ADEE60C69}") = "freebilling.app", "FreeBilling.App\freebilling.app.esproj", "{CF532F79-2B84-423F-AEA3-0313CDC67F68}"
EndProject
Global
	GlobalSection(SolutionConfigurationPlatforms) = preSolution
		Debug|Any CPU = Debug|Any CPU
		Release|Any CPU = Release|Any CPU
	EndGlobalSection
	GlobalSection(ProjectConfigurationPlatforms) = postSolution
		{4E0A2D1E-528F-4F6A-88A4-58D418ECA64C}.Debug|Any CPU.ActiveCfg = Debug|Any CPU
		{4E0A2D1E-528F-4F6A-88A4-58D418ECA64C}.Debug|Any CPU.Build.0 = Debug|Any CPU
		{4E0A2D1E-528F-4F6A-88A4-58D418ECA64C}.Release|Any CPU.ActiveCfg = Release|Any CPU
		{4E0A2D1E-528F-4F6A-88A4-58D418ECA64C}.Release|Any CPU.Build.0 = Release|Any CPU
		{CF532F79-2B84-423F-AEA3-0313CDC67F68}.Debug|Any CPU.ActiveCfg = Debug|Any CPU
		{CF532F79-2B84-423F-AEA3-0313CDC67F68}.Debug|Any CPU.Build.0 = Debug|Any CPU
		{CF532F79-2B84-423F-AEA3-0313CDC67F68}.Debug|Any CPU.Deploy.0 = Debug|Any CPU
		{CF532F79-2B84-423F-AEA3-0313CDC67F68}.Release|Any CPU.ActiveCfg = Release|Any CPU
		{CF532F79-2B84-423F-AEA3-0313CDC67F68}.Release|Any CPU.Build.0 = Release|Any CPU
		{CF532F79-2B84-423F-AEA3-0313CDC67F68}.Release|Any CPU.Deploy.0 = Release|Any CPU
	EndGlobalSection
	GlobalSection(SolutionProperties) = preSolution
		HideSolutionNode = FALSE
	EndGlobalSection
EndGlobal
