
Microsoft Visual Studio Solution File, Format Version 12.00
# Visual Studio Version 17
VisualStudioVersion = 17.6.33815.320
MinimumVisualStudioVersion = 10.0.40219.1
Project("{9A19103F-16F7-4668-BE54-9A1E7A4F7556}") = "FriendStorage.Model", "FriendStorage.Model\FriendStorage.Model.csproj", "{F50FA45B-230E-4356-82D8-566FA6BE0086}"
EndProject
Project("{9A19103F-16F7-4668-BE54-9A1E7A4F7556}") = "FriendStorage.DataAccess", "FriendStorage.DataAccess\FriendStorage.DataAccess.csproj", "{EB3F746B-CC71-4D33-9085-0CE70652D4B8}"
EndProject
Project("{9A19103F-16F7-4668-BE54-9A1E7A4F7556}") = "FriendStorage.UI", "FriendStorage.UI\FriendStorage.UI.csproj", "{4CB9EAF8-A392-4AC9-9EB2-8226BFAA3888}"
EndProject
Project("{FAE04EC0-301F-11D3-BF4B-00C04F79EFBC}") = "FriendStorage.UITests", "FriendStorage.UITests\FriendStorage.UITests.csproj", "{94BC3B63-6D58-4E12-AE9A-D16EEC4E7654}"
EndProject
Global
	GlobalSection(SolutionConfigurationPlatforms) = preSolution
		Debug|Any CPU = Debug|Any CPU
		Release|Any CPU = Release|Any CPU
	EndGlobalSection
	GlobalSection(ProjectConfigurationPlatforms) = postSolution
		{F50FA45B-230E-4356-82D8-566FA6BE0086}.Debug|Any CPU.ActiveCfg = Debug|Any CPU
		{F50FA45B-230E-4356-82D8-566FA6BE0086}.Debug|Any CPU.Build.0 = Debug|Any CPU
		{F50FA45B-230E-4356-82D8-566FA6BE0086}.Release|Any CPU.ActiveCfg = Release|Any CPU
		{F50FA45B-230E-4356-82D8-566FA6BE0086}.Release|Any CPU.Build.0 = Release|Any CPU
		{EB3F746B-CC71-4D33-9085-0CE70652D4B8}.Debug|Any CPU.ActiveCfg = Debug|Any CPU
		{EB3F746B-CC71-4D33-9085-0CE70652D4B8}.Debug|Any CPU.Build.0 = Debug|Any CPU
		{EB3F746B-CC71-4D33-9085-0CE70652D4B8}.Release|Any CPU.ActiveCfg = Release|Any CPU
		{EB3F746B-CC71-4D33-9085-0CE70652D4B8}.Release|Any CPU.Build.0 = Release|Any CPU
		{4CB9EAF8-A392-4AC9-9EB2-8226BFAA3888}.Debug|Any CPU.ActiveCfg = Debug|Any CPU
		{4CB9EAF8-A392-4AC9-9EB2-8226BFAA3888}.Debug|Any CPU.Build.0 = Debug|Any CPU
		{4CB9EAF8-A392-4AC9-9EB2-8226BFAA3888}.Release|Any CPU.ActiveCfg = Release|Any CPU
		{4CB9EAF8-A392-4AC9-9EB2-8226BFAA3888}.Release|Any CPU.Build.0 = Release|Any CPU
		{94BC3B63-6D58-4E12-AE9A-D16EEC4E7654}.Debug|Any CPU.ActiveCfg = Debug|Any CPU
		{94BC3B63-6D58-4E12-AE9A-D16EEC4E7654}.Debug|Any CPU.Build.0 = Debug|Any CPU
		{94BC3B63-6D58-4E12-AE9A-D16EEC4E7654}.Release|Any CPU.ActiveCfg = Release|Any CPU
		{94BC3B63-6D58-4E12-AE9A-D16EEC4E7654}.Release|Any CPU.Build.0 = Release|Any CPU
	EndGlobalSection
	GlobalSection(SolutionProperties) = preSolution
		HideSolutionNode = FALSE
	EndGlobalSection
	GlobalSection(ExtensibilityGlobals) = postSolution
		SolutionGuid = {CCEFD400-3223-4A6B-BAFA-5E8AA6FBEBD6}
	EndGlobalSection
EndGlobal
